
Microsoft Visual Studio Solution File, Format Version 12.00
# Visual Studio 15
Project("{FAE04EC0-301F-11D3-BF4B-00C04F79EFBC}") = "Assembly-CSharp", "Assembly-CSharp.csproj", "{D5B823BB-605F-CD0B-43F9-006D05AF9F4A}"
EndProject
Project("{FAE04EC0-301F-11D3-BF4B-00C04F79EFBC}") = "Assembly-CSharp-Editor", "Assembly-CSharp-Editor.csproj", "{3BB4821A-7030-3DCE-1975-C476212E37F8}"
EndProject
Global
	GlobalSection(SolutionConfigurationPlatforms) = preSolution
		Debug|Any CPU = Debug|Any CPU
		Release|Any CPU = Release|Any CPU
	EndGlobalSection
	GlobalSection(ProjectConfigurationPlatforms) = postSolution
		{D5B823BB-605F-CD0B-43F9-006D05AF9F4A}.Debug|Any CPU.ActiveCfg = Debug|Any CPU
		{D5B823BB-605F-CD0B-43F9-006D05AF9F4A}.Debug|Any CPU.Build.0 = Debug|Any CPU
		{D5B823BB-605F-CD0B-43F9-006D05AF9F4A}.Release|Any CPU.ActiveCfg = Release|Any CPU
		{D5B823BB-605F-CD0B-43F9-006D05AF9F4A}.Release|Any CPU.Build.0 = Release|Any CPU
		{3BB4821A-7030-3DCE-1975-C476212E37F8}.Debug|Any CPU.ActiveCfg = Debug|Any CPU
		{3BB4821A-7030-3DCE-1975-C476212E37F8}.Debug|Any CPU.Build.0 = Debug|Any CPU
		{3BB4821A-7030-3DCE-1975-C476212E37F8}.Release|Any CPU.ActiveCfg = Release|Any CPU
		{3BB4821A-7030-3DCE-1975-C476212E37F8}.Release|Any CPU.Build.0 = Release|Any CPU
	EndGlobalSection
	GlobalSection(SolutionProperties) = preSolution
		HideSolutionNode = FALSE
	EndGlobalSection
EndGlobal
