
Microsoft Visual Studio Solution File, Format Version 12.00
# Visual Studio 15
Project("{FAE04EC0-301F-11D3-BF4B-00C04F79EFBC}") = "Assembly-CSharp", "Assembly-CSharp.csproj", "{7DF343B5-32AD-B8A5-ADF6-9D2477267888}"
EndProject
Project("{FAE04EC0-301F-11D3-BF4B-00C04F79EFBC}") = "Assembly-CSharp-Editor", "Assembly-CSharp-Editor.csproj", "{3DD8A0B7-ADD9-42B3-72BB-8BCDB4A3901E}"
EndProject
Global
	GlobalSection(SolutionConfigurationPlatforms) = preSolution
		Debug|Any CPU = Debug|Any CPU
		Release|Any CPU = Release|Any CPU
	EndGlobalSection
	GlobalSection(ProjectConfigurationPlatforms) = postSolution
		{7DF343B5-32AD-B8A5-ADF6-9D2477267888}.Debug|Any CPU.ActiveCfg = Debug|Any CPU
		{7DF343B5-32AD-B8A5-ADF6-9D2477267888}.Debug|Any CPU.Build.0 = Debug|Any CPU
		{7DF343B5-32AD-B8A5-ADF6-9D2477267888}.Release|Any CPU.ActiveCfg = Release|Any CPU
		{7DF343B5-32AD-B8A5-ADF6-9D2477267888}.Release|Any CPU.Build.0 = Release|Any CPU
		{3DD8A0B7-ADD9-42B3-72BB-8BCDB4A3901E}.Debug|Any CPU.ActiveCfg = Debug|Any CPU
		{3DD8A0B7-ADD9-42B3-72BB-8BCDB4A3901E}.Debug|Any CPU.Build.0 = Debug|Any CPU
		{3DD8A0B7-ADD9-42B3-72BB-8BCDB4A3901E}.Release|Any CPU.ActiveCfg = Release|Any CPU
		{3DD8A0B7-ADD9-42B3-72BB-8BCDB4A3901E}.Release|Any CPU.Build.0 = Release|Any CPU
	EndGlobalSection
	GlobalSection(SolutionProperties) = preSolution
		HideSolutionNode = FALSE
	EndGlobalSection
EndGlobal
